
Microsoft Visual Studio Solution File, Format Version 12.00
# Visual Studio 14
VisualStudioVersion = 14.0.25420.1
MinimumVisualStudioVersion = 10.0.40219.1
Project("{2150E333-8FDC-42A3-9474-1A3956D46DE8}") = "_shared", "_shared", "{699F1B16-0FCB-4754-B2F4-72169C844AB5}"
EndProject
Project("{FAE04EC0-301F-11D3-BF4B-00C04F79EFBC}") = "LCH.SF.PoC.Infrastructure", "..\Shared\LCH.SF.PoC.Infrastructure\LCH.SF.PoC.Infrastructure.csproj", "{0BA31506-A079-4323-BF0D-ED399B274055}"
EndProject
Project("{FAE04EC0-301F-11D3-BF4B-00C04F79EFBC}") = "LCH.SF.Framework", "..\Framework\LCH.SF.Framework\LCH.SF.Framework.csproj", "{EAC3EB87-26B4-4FAD-B285-3D079511DE8B}"
EndProject
Project("{A07B5EB6-E848-4116-A8D0-A826331D98C6}") = "LCH.SF.PoC", "..\sf\LCH.SF.PoC\LCH.SF.PoC.sfproj", "{BAB1AB14-603D-4725-B3E3-51EDDA21D187}"
EndProject
Project("{2150E333-8FDC-42A3-9474-1A3956D46DE8}") = "IoTSensors", "IoTSensors", "{CC65B222-ABA5-46E1-8199-2CA809F2FFCB}"
EndProject
Project("{FAE04EC0-301F-11D3-BF4B-00C04F79EFBC}") = "LCH.SF.PoC.IoTSensors.Common", "..\IoTSensors\LCH.SF.PoC.IoTSensors.Common\LCH.SF.PoC.IoTSensors.Common.csproj", "{E6199548-FB7F-4D84-BEBD-CBCD1F47E29E}"
EndProject
Project("{FAE04EC0-301F-11D3-BF4B-00C04F79EFBC}") = "LCH.SF.PoC.IoTSensors.Actors", "..\IoTSensors\LCH.SF.PoC.IoTSensors.Actors\LCH.SF.PoC.IoTSensors.Actors.csproj", "{A68C2DDC-69DD-4069-9BC2-514C7F877361}"
EndProject
Global
	GlobalSection(SolutionConfigurationPlatforms) = preSolution
		Debug|Any CPU = Debug|Any CPU
		Debug|x64 = Debug|x64
		Debug|x86 = Debug|x86
		Release|Any CPU = Release|Any CPU
		Release|x64 = Release|x64
		Release|x86 = Release|x86
	EndGlobalSection
	GlobalSection(ProjectConfigurationPlatforms) = postSolution
		{0BA31506-A079-4323-BF0D-ED399B274055}.Debug|Any CPU.ActiveCfg = Debug|Any CPU
		{0BA31506-A079-4323-BF0D-ED399B274055}.Debug|Any CPU.Build.0 = Debug|Any CPU
		{0BA31506-A079-4323-BF0D-ED399B274055}.Debug|x64.ActiveCfg = Debug|Any CPU
		{0BA31506-A079-4323-BF0D-ED399B274055}.Debug|x64.Build.0 = Debug|Any CPU
		{0BA31506-A079-4323-BF0D-ED399B274055}.Debug|x86.ActiveCfg = Debug|Any CPU
		{0BA31506-A079-4323-BF0D-ED399B274055}.Debug|x86.Build.0 = Debug|Any CPU
		{0BA31506-A079-4323-BF0D-ED399B274055}.Release|Any CPU.ActiveCfg = Release|Any CPU
		{0BA31506-A079-4323-BF0D-ED399B274055}.Release|Any CPU.Build.0 = Release|Any CPU
		{0BA31506-A079-4323-BF0D-ED399B274055}.Release|x64.ActiveCfg = Release|Any CPU
		{0BA31506-A079-4323-BF0D-ED399B274055}.Release|x64.Build.0 = Release|Any CPU
		{0BA31506-A079-4323-BF0D-ED399B274055}.Release|x86.ActiveCfg = Release|Any CPU
		{0BA31506-A079-4323-BF0D-ED399B274055}.Release|x86.Build.0 = Release|Any CPU
		{EAC3EB87-26B4-4FAD-B285-3D079511DE8B}.Debug|Any CPU.ActiveCfg = Debug|Any CPU
		{EAC3EB87-26B4-4FAD-B285-3D079511DE8B}.Debug|Any CPU.Build.0 = Debug|Any CPU
		{EAC3EB87-26B4-4FAD-B285-3D079511DE8B}.Debug|x64.ActiveCfg = Debug|Any CPU
		{EAC3EB87-26B4-4FAD-B285-3D079511DE8B}.Debug|x64.Build.0 = Debug|Any CPU
		{EAC3EB87-26B4-4FAD-B285-3D079511DE8B}.Debug|x86.ActiveCfg = Debug|Any CPU
		{EAC3EB87-26B4-4FAD-B285-3D079511DE8B}.Debug|x86.Build.0 = Debug|Any CPU
		{EAC3EB87-26B4-4FAD-B285-3D079511DE8B}.Release|Any CPU.ActiveCfg = Release|Any CPU
		{EAC3EB87-26B4-4FAD-B285-3D079511DE8B}.Release|Any CPU.Build.0 = Release|Any CPU
		{EAC3EB87-26B4-4FAD-B285-3D079511DE8B}.Release|x64.ActiveCfg = Release|Any CPU
		{EAC3EB87-26B4-4FAD-B285-3D079511DE8B}.Release|x64.Build.0 = Release|Any CPU
		{EAC3EB87-26B4-4FAD-B285-3D079511DE8B}.Release|x86.ActiveCfg = Release|Any CPU
		{EAC3EB87-26B4-4FAD-B285-3D079511DE8B}.Release|x86.Build.0 = Release|Any CPU
		{BAB1AB14-603D-4725-B3E3-51EDDA21D187}.Debug|Any CPU.ActiveCfg = Debug|x64
		{BAB1AB14-603D-4725-B3E3-51EDDA21D187}.Debug|x64.ActiveCfg = Debug|x64
		{BAB1AB14-603D-4725-B3E3-51EDDA21D187}.Debug|x64.Build.0 = Debug|x64
		{BAB1AB14-603D-4725-B3E3-51EDDA21D187}.Debug|x64.Deploy.0 = Debug|x64
		{BAB1AB14-603D-4725-B3E3-51EDDA21D187}.Debug|x86.ActiveCfg = Debug|x64
		{BAB1AB14-603D-4725-B3E3-51EDDA21D187}.Release|Any CPU.ActiveCfg = Release|x64
		{BAB1AB14-603D-4725-B3E3-51EDDA21D187}.Release|x64.ActiveCfg = Release|x64
		{BAB1AB14-603D-4725-B3E3-51EDDA21D187}.Release|x64.Build.0 = Release|x64
		{BAB1AB14-603D-4725-B3E3-51EDDA21D187}.Release|x64.Deploy.0 = Release|x64
		{BAB1AB14-603D-4725-B3E3-51EDDA21D187}.Release|x86.ActiveCfg = Release|x64
		{E6199548-FB7F-4D84-BEBD-CBCD1F47E29E}.Debug|Any CPU.ActiveCfg = Debug|x64
		{E6199548-FB7F-4D84-BEBD-CBCD1F47E29E}.Debug|x64.ActiveCfg = Debug|x64
		{E6199548-FB7F-4D84-BEBD-CBCD1F47E29E}.Debug|x64.Build.0 = Debug|x64
		{E6199548-FB7F-4D84-BEBD-CBCD1F47E29E}.Debug|x86.ActiveCfg = Debug|x64
		{E6199548-FB7F-4D84-BEBD-CBCD1F47E29E}.Release|Any CPU.ActiveCfg = Release|x64
		{E6199548-FB7F-4D84-BEBD-CBCD1F47E29E}.Release|x64.ActiveCfg = Release|x64
		{E6199548-FB7F-4D84-BEBD-CBCD1F47E29E}.Release|x64.Build.0 = Release|x64
		{E6199548-FB7F-4D84-BEBD-CBCD1F47E29E}.Release|x86.ActiveCfg = Release|x64
		{A68C2DDC-69DD-4069-9BC2-514C7F877361}.Debug|Any CPU.ActiveCfg = Debug|x64
		{A68C2DDC-69DD-4069-9BC2-514C7F877361}.Debug|x64.ActiveCfg = Debug|x64
		{A68C2DDC-69DD-4069-9BC2-514C7F877361}.Debug|x64.Build.0 = Debug|x64
		{A68C2DDC-69DD-4069-9BC2-514C7F877361}.Debug|x86.ActiveCfg = Debug|x64
		{A68C2DDC-69DD-4069-9BC2-514C7F877361}.Release|Any CPU.ActiveCfg = Release|x64
		{A68C2DDC-69DD-4069-9BC2-514C7F877361}.Release|x64.ActiveCfg = Release|x64
		{A68C2DDC-69DD-4069-9BC2-514C7F877361}.Release|x64.Build.0 = Release|x64
		{A68C2DDC-69DD-4069-9BC2-514C7F877361}.Release|x86.ActiveCfg = Release|x64
	EndGlobalSection
	GlobalSection(SolutionProperties) = preSolution
		HideSolutionNode = FALSE
	EndGlobalSection
	GlobalSection(NestedProjects) = preSolution
		{0BA31506-A079-4323-BF0D-ED399B274055} = {699F1B16-0FCB-4754-B2F4-72169C844AB5}
		{EAC3EB87-26B4-4FAD-B285-3D079511DE8B} = {699F1B16-0FCB-4754-B2F4-72169C844AB5}
		{E6199548-FB7F-4D84-BEBD-CBCD1F47E29E} = {CC65B222-ABA5-46E1-8199-2CA809F2FFCB}
		{A68C2DDC-69DD-4069-9BC2-514C7F877361} = {CC65B222-ABA5-46E1-8199-2CA809F2FFCB}
	EndGlobalSection
EndGlobal
